// !$*UTF8*$!
{
	archiveVersion = 1;
	classes = {
	};
	objectVersion = 51;
	objects = {

/* Begin PBXBuildFile section */
		3B119CDC23782DC700FC4FC2 /* AppDelegate.swift in Sources */ = {isa = PBXBuildFile; fileRef = 3B119CDB23782DC700FC4FC2 /* AppDelegate.swift */; };
		3B119CDE23782DC700FC4FC2 /* SceneDelegate.swift in Sources */ = {isa = PBXBuildFile; fileRef = 3B119CDD23782DC700FC4FC2 /* SceneDelegate.swift */; };
		3B119CE023782DC700FC4FC2 /* LogInViewController.swift in Sources */ = {isa = PBXBuildFile; fileRef = 3B119CDF23782DC700FC4FC2 /* LogInViewController.swift */; };
		3B119CE323782DC700FC4FC2 /* Main.storyboard in Resources */ = {isa = PBXBuildFile; fileRef = 3B119CE123782DC700FC4FC2 /* Main.storyboard */; };
		3B119CE523782DC800FC4FC2 /* Assets.xcassets in Resources */ = {isa = PBXBuildFile; fileRef = 3B119CE423782DC800FC4FC2 /* Assets.xcassets */; };
		3B119CE823782DC800FC4FC2 /* LaunchScreen.storyboard in Resources */ = {isa = PBXBuildFile; fileRef = 3B119CE623782DC800FC4FC2 /* LaunchScreen.storyboard */; };
		3B24D155237BFAAA008D3605 /* APIClient.swift in Sources */ = {isa = PBXBuildFile; fileRef = 3B24D152237BFAAA008D3605 /* APIClient.swift */; };
		3B24D156237BFAAA008D3605 /* APIRouter.swift in Sources */ = {isa = PBXBuildFile; fileRef = 3B24D153237BFAAA008D3605 /* APIRouter.swift */; };
		3B24D157237BFAAA008D3605 /* Constants.swift in Sources */ = {isa = PBXBuildFile; fileRef = 3B24D154237BFAAA008D3605 /* Constants.swift */; };
		3B24D15A237BFC0F008D3605 /* Login.swift in Sources */ = {isa = PBXBuildFile; fileRef = 3B24D159237BFC0F008D3605 /* Login.swift */; };
		3B24D15E237BFC53008D3605 /* Register.swift in Sources */ = {isa = PBXBuildFile; fileRef = 3B24D15C237BFC52008D3605 /* Register.swift */; };
		3B24D15F237BFC53008D3605 /* RegisterFailure.swift in Sources */ = {isa = PBXBuildFile; fileRef = 3B24D15D237BFC53008D3605 /* RegisterFailure.swift */; };
		3B24D163237BFCEE008D3605 /* FavoriteDoctor.swift in Sources */ = {isa = PBXBuildFile; fileRef = 3B24D161237BFCED008D3605 /* FavoriteDoctor.swift */; };
		3B24D164237BFCEE008D3605 /* AllFavoriteDoctor.swift in Sources */ = {isa = PBXBuildFile; fileRef = 3B24D162237BFCED008D3605 /* AllFavoriteDoctor.swift */; };
		3B24D168237C0119008D3605 /* Failure.swift in Sources */ = {isa = PBXBuildFile; fileRef = 3B24D167237C0119008D3605 /* Failure.swift */; };
		7D9E1F34C178B97034237E04 /* Pods_Dr_Booking.framework in Frameworks */ = {isa = PBXBuildFile; fileRef = 5E65729F7C7618EC01EBDF39 /* Pods_Dr_Booking.framework */; };
		813FFBE12379A019004897AE /* RegesterVC.swift in Sources */ = {isa = PBXBuildFile; fileRef = 813FFBE02379A019004897AE /* RegesterVC.swift */; };
		813FFBE62379A141004897AE /* ProductVC.swift in Sources */ = {isa = PBXBuildFile; fileRef = 813FFBE52379A141004897AE /* ProductVC.swift */; };
		81970DEE23795AA5001CD992 /* ProfileVC.swift in Sources */ = {isa = PBXBuildFile; fileRef = 81970DED23795AA5001CD992 /* ProfileVC.swift */; };
		81DEBC5E237AAB1E0096CF47 /* ProfileTableViewCell.swift in Sources */ = {isa = PBXBuildFile; fileRef = 81DEBC5D237AAB1E0096CF47 /* ProfileTableViewCell.swift */; };
		81DEBC60237AABB20096CF47 /* EditProfileVC.swift in Sources */ = {isa = PBXBuildFile; fileRef = 81DEBC5F237AABB20096CF47 /* EditProfileVC.swift */; };
		81DEBC62237AB9A70096CF47 /* ForgotPasswordVC.swift in Sources */ = {isa = PBXBuildFile; fileRef = 81DEBC61237AB9A70096CF47 /* ForgotPasswordVC.swift */; };
		81DEBC65237ABA4A0096CF47 /* ProductTableViewCell.swift in Sources */ = {isa = PBXBuildFile; fileRef = 81DEBC64237ABA4A0096CF47 /* ProductTableViewCell.swift */; };
		81DEBC67237ABC0A0096CF47 /* ProductDetailsVC.swift in Sources */ = {isa = PBXBuildFile; fileRef = 81DEBC66237ABC0A0096CF47 /* ProductDetailsVC.swift */; };
		81DEBC6B237AC4D80096CF47 /* SearchVC.swift in Sources */ = {isa = PBXBuildFile; fileRef = 81DEBC6A237AC4D80096CF47 /* SearchVC.swift */; };
		81DEBC6D237AC55A0096CF47 /* SearchResultVC.swift in Sources */ = {isa = PBXBuildFile; fileRef = 81DEBC6C237AC55A0096CF47 /* SearchResultVC.swift */; };
		81DEBC70237AC5D50096CF47 /* SearchResultTableViewCell.swift in Sources */ = {isa = PBXBuildFile; fileRef = 81DEBC6F237AC5D50096CF47 /* SearchResultTableViewCell.swift */; };
		81DEBC72237ADC330096CF47 /* DoctorDetailsVC.swift in Sources */ = {isa = PBXBuildFile; fileRef = 81DEBC71237ADC330096CF47 /* DoctorDetailsVC.swift */; };
		81DEBC76237AEBCF0096CF47 /* Rate.swift in Sources */ = {isa = PBXBuildFile; fileRef = 81DEBC75237AEBCF0096CF47 /* Rate.swift */; };
		81DEBC78237AEF8D0096CF47 /* ChangePasswordVC.swift in Sources */ = {isa = PBXBuildFile; fileRef = 81DEBC77237AEF8D0096CF47 /* ChangePasswordVC.swift */; };
		81F2A7FE2378488C003DFCD1 /* Alert.swift in Sources */ = {isa = PBXBuildFile; fileRef = 81F2A7FA2378488C003DFCD1 /* Alert.swift */; };
		81F2A7FF2378488C003DFCD1 /* CardView.swift in Sources */ = {isa = PBXBuildFile; fileRef = 81F2A7FB2378488C003DFCD1 /* CardView.swift */; };
		81F2A8002378488C003DFCD1 /* DesignableUITextField.swift in Sources */ = {isa = PBXBuildFile; fileRef = 81F2A7FC2378488C003DFCD1 /* DesignableUITextField.swift */; };
		81F2A803237853EA003DFCD1 /* TabBar.swift in Sources */ = {isa = PBXBuildFile; fileRef = 81F2A802237853EA003DFCD1 /* TabBar.swift */; };
/* End PBXBuildFile section */

/* Begin PBXFileReference section */
		3B119CD823782DC700FC4FC2 /* Dr.Booking.app */ = {isa = PBXFileReference; explicitFileType = wrapper.application; includeInIndex = 0; path = Dr.Booking.app; sourceTree = BUILT_PRODUCTS_DIR; };
		3B119CDB23782DC700FC4FC2 /* AppDelegate.swift */ = {isa = PBXFileReference; lastKnownFileType = sourcecode.swift; path = AppDelegate.swift; sourceTree = "<group>"; };
		3B119CDD23782DC700FC4FC2 /* SceneDelegate.swift */ = {isa = PBXFileReference; lastKnownFileType = sourcecode.swift; path = SceneDelegate.swift; sourceTree = "<group>"; };
		3B119CDF23782DC700FC4FC2 /* LogInViewController.swift */ = {isa = PBXFileReference; lastKnownFileType = sourcecode.swift; path = LogInViewController.swift; sourceTree = "<group>"; };
		3B119CE223782DC700FC4FC2 /* Base */ = {isa = PBXFileReference; lastKnownFileType = file.storyboard; name = Base; path = Base.lproj/Main.storyboard; sourceTree = "<group>"; };
		3B119CE423782DC800FC4FC2 /* Assets.xcassets */ = {isa = PBXFileReference; lastKnownFileType = folder.assetcatalog; path = Assets.xcassets; sourceTree = "<group>"; };
		3B119CE723782DC800FC4FC2 /* Base */ = {isa = PBXFileReference; lastKnownFileType = file.storyboard; name = Base; path = Base.lproj/LaunchScreen.storyboard; sourceTree = "<group>"; };
		3B119CE923782DC800FC4FC2 /* Info.plist */ = {isa = PBXFileReference; lastKnownFileType = text.plist.xml; path = Info.plist; sourceTree = "<group>"; };
		3B24D152237BFAAA008D3605 /* APIClient.swift */ = {isa = PBXFileReference; fileEncoding = 4; lastKnownFileType = sourcecode.swift; path = APIClient.swift; sourceTree = "<group>"; };
		3B24D153237BFAAA008D3605 /* APIRouter.swift */ = {isa = PBXFileReference; fileEncoding = 4; lastKnownFileType = sourcecode.swift; path = APIRouter.swift; sourceTree = "<group>"; };
		3B24D154237BFAAA008D3605 /* Constants.swift */ = {isa = PBXFileReference; fileEncoding = 4; lastKnownFileType = sourcecode.swift; path = Constants.swift; sourceTree = "<group>"; };
		3B24D159237BFC0F008D3605 /* Login.swift */ = {isa = PBXFileReference; fileEncoding = 4; lastKnownFileType = sourcecode.swift; path = Login.swift; sourceTree = "<group>"; };
		3B24D15C237BFC52008D3605 /* Register.swift */ = {isa = PBXFileReference; fileEncoding = 4; lastKnownFileType = sourcecode.swift; path = Register.swift; sourceTree = "<group>"; };
		3B24D15D237BFC53008D3605 /* RegisterFailure.swift */ = {isa = PBXFileReference; fileEncoding = 4; lastKnownFileType = sourcecode.swift; path = RegisterFailure.swift; sourceTree = "<group>"; };
		3B24D161237BFCED008D3605 /* FavoriteDoctor.swift */ = {isa = PBXFileReference; fileEncoding = 4; lastKnownFileType = sourcecode.swift; path = FavoriteDoctor.swift; sourceTree = "<group>"; };
		3B24D162237BFCED008D3605 /* AllFavoriteDoctor.swift */ = {isa = PBXFileReference; fileEncoding = 4; lastKnownFileType = sourcecode.swift; path = AllFavoriteDoctor.swift; sourceTree = "<group>"; };
		3B24D167237C0119008D3605 /* Failure.swift */ = {isa = PBXFileReference; fileEncoding = 4; lastKnownFileType = sourcecode.swift; path = Failure.swift; sourceTree = "<group>"; };
		5E65729F7C7618EC01EBDF39 /* Pods_Dr_Booking.framework */ = {isa = PBXFileReference; explicitFileType = wrapper.framework; includeInIndex = 0; path = Pods_Dr_Booking.framework; sourceTree = BUILT_PRODUCTS_DIR; };
		63E33EA26FA4806F422DB503 /* Pods-Dr.Booking.debug.xcconfig */ = {isa = PBXFileReference; includeInIndex = 1; lastKnownFileType = text.xcconfig; name = "Pods-Dr.Booking.debug.xcconfig"; path = "Target Support Files/Pods-Dr.Booking/Pods-Dr.Booking.debug.xcconfig"; sourceTree = "<group>"; };
		813FFBE02379A019004897AE /* RegesterVC.swift */ = {isa = PBXFileReference; lastKnownFileType = sourcecode.swift; path = RegesterVC.swift; sourceTree = "<group>"; };
		813FFBE52379A141004897AE /* ProductVC.swift */ = {isa = PBXFileReference; lastKnownFileType = sourcecode.swift; path = ProductVC.swift; sourceTree = "<group>"; };
		81970DED23795AA5001CD992 /* ProfileVC.swift */ = {isa = PBXFileReference; lastKnownFileType = sourcecode.swift; path = ProfileVC.swift; sourceTree = "<group>"; };
		81DEBC5D237AAB1E0096CF47 /* ProfileTableViewCell.swift */ = {isa = PBXFileReference; lastKnownFileType = sourcecode.swift; path = ProfileTableViewCell.swift; sourceTree = "<group>"; };
		81DEBC5F237AABB20096CF47 /* EditProfileVC.swift */ = {isa = PBXFileReference; lastKnownFileType = sourcecode.swift; path = EditProfileVC.swift; sourceTree = "<group>"; };
		81DEBC61237AB9A70096CF47 /* ForgotPasswordVC.swift */ = {isa = PBXFileReference; lastKnownFileType = sourcecode.swift; path = ForgotPasswordVC.swift; sourceTree = "<group>"; };
		81DEBC64237ABA4A0096CF47 /* ProductTableViewCell.swift */ = {isa = PBXFileReference; lastKnownFileType = sourcecode.swift; path = ProductTableViewCell.swift; sourceTree = "<group>"; };
		81DEBC66237ABC0A0096CF47 /* ProductDetailsVC.swift */ = {isa = PBXFileReference; lastKnownFileType = sourcecode.swift; path = ProductDetailsVC.swift; sourceTree = "<group>"; };
		81DEBC6A237AC4D80096CF47 /* SearchVC.swift */ = {isa = PBXFileReference; lastKnownFileType = sourcecode.swift; path = SearchVC.swift; sourceTree = "<group>"; };
		81DEBC6C237AC55A0096CF47 /* SearchResultVC.swift */ = {isa = PBXFileReference; lastKnownFileType = sourcecode.swift; path = SearchResultVC.swift; sourceTree = "<group>"; };
		81DEBC6F237AC5D50096CF47 /* SearchResultTableViewCell.swift */ = {isa = PBXFileReference; lastKnownFileType = sourcecode.swift; path = SearchResultTableViewCell.swift; sourceTree = "<group>"; };
		81DEBC71237ADC330096CF47 /* DoctorDetailsVC.swift */ = {isa = PBXFileReference; lastKnownFileType = sourcecode.swift; path = DoctorDetailsVC.swift; sourceTree = "<group>"; };
		81DEBC75237AEBCF0096CF47 /* Rate.swift */ = {isa = PBXFileReference; lastKnownFileType = sourcecode.swift; path = Rate.swift; sourceTree = "<group>"; };
		81DEBC77237AEF8D0096CF47 /* ChangePasswordVC.swift */ = {isa = PBXFileReference; lastKnownFileType = sourcecode.swift; path = ChangePasswordVC.swift; sourceTree = "<group>"; };
		81F2A7FA2378488C003DFCD1 /* Alert.swift */ = {isa = PBXFileReference; fileEncoding = 4; lastKnownFileType = sourcecode.swift; path = Alert.swift; sourceTree = "<group>"; };
		81F2A7FB2378488C003DFCD1 /* CardView.swift */ = {isa = PBXFileReference; fileEncoding = 4; lastKnownFileType = sourcecode.swift; path = CardView.swift; sourceTree = "<group>"; };
		81F2A7FC2378488C003DFCD1 /* DesignableUITextField.swift */ = {isa = PBXFileReference; fileEncoding = 4; lastKnownFileType = sourcecode.swift; path = DesignableUITextField.swift; sourceTree = "<group>"; };
		81F2A802237853EA003DFCD1 /* TabBar.swift */ = {isa = PBXFileReference; lastKnownFileType = sourcecode.swift; path = TabBar.swift; sourceTree = "<group>"; };
		EF43448627F8F638A85D27E8 /* Pods-Dr.Booking.release.xcconfig */ = {isa = PBXFileReference; includeInIndex = 1; lastKnownFileType = text.xcconfig; name = "Pods-Dr.Booking.release.xcconfig"; path = "Target Support Files/Pods-Dr.Booking/Pods-Dr.Booking.release.xcconfig"; sourceTree = "<group>"; };
/* End PBXFileReference section */

/* Begin PBXFrameworksBuildPhase section */
		3B119CD523782DC700FC4FC2 /* Frameworks */ = {
			isa = PBXFrameworksBuildPhase;
			buildActionMask = 2147483647;
			files = (
				7D9E1F34C178B97034237E04 /* Pods_Dr_Booking.framework in Frameworks */,
			);
			runOnlyForDeploymentPostprocessing = 0;
		};
/* End PBXFrameworksBuildPhase section */

/* Begin PBXGroup section */
		3B119CCF23782DC700FC4FC2 = {
			isa = PBXGroup;
			children = (
				3B119CDA23782DC700FC4FC2 /* Dr.Booking */,
				3B119CD923782DC700FC4FC2 /* Products */,
				EC32AE7F6828AAC5D8A47A22 /* Pods */,
				49FEF2450917DC8BB83473DC /* Frameworks */,
			);
			sourceTree = "<group>";
		};
		3B119CD923782DC700FC4FC2 /* Products */ = {
			isa = PBXGroup;
			children = (
				3B119CD823782DC700FC4FC2 /* Dr.Booking.app */,
			);
			name = Products;
			sourceTree = "<group>";
		};
		3B119CDA23782DC700FC4FC2 /* Dr.Booking */ = {
			isa = PBXGroup;
			children = (
				3B24D151237BFAAA008D3605 /* Networking */,
				81F2A7F92378488C003DFCD1 /* Utitlites */,
				3B119CDB23782DC700FC4FC2 /* AppDelegate.swift */,
				3B119CDD23782DC700FC4FC2 /* SceneDelegate.swift */,
				813FFBDA23799F6E004897AE /* Senarios */,
				3B119CE123782DC700FC4FC2 /* Main.storyboard */,
				3B24D167237C0119008D3605 /* Failure.swift */,
				81F2A802237853EA003DFCD1 /* TabBar.swift */,
				3B119CE423782DC800FC4FC2 /* Assets.xcassets */,
				3B119CE623782DC800FC4FC2 /* LaunchScreen.storyboard */,
				3B119CE923782DC800FC4FC2 /* Info.plist */,
			);
			path = Dr.Booking;
			sourceTree = "<group>";
		};
		3B24D151237BFAAA008D3605 /* Networking */ = {
			isa = PBXGroup;
			children = (
				3B24D152237BFAAA008D3605 /* APIClient.swift */,
				3B24D153237BFAAA008D3605 /* APIRouter.swift */,
				3B24D154237BFAAA008D3605 /* Constants.swift */,
			);
			path = Networking;
			sourceTree = "<group>";
		};
		3B24D158237BFAD4008D3605 /* Model */ = {
			isa = PBXGroup;
			children = (
				3B24D159237BFC0F008D3605 /* Login.swift */,
			);
			path = Model;
			sourceTree = "<group>";
		};
		3B24D15B237BFC2C008D3605 /* Model */ = {
			isa = PBXGroup;
			children = (
				3B24D15C237BFC52008D3605 /* Register.swift */,
				3B24D15D237BFC53008D3605 /* RegisterFailure.swift */,
			);
			path = Model;
			sourceTree = "<group>";
		};
		3B24D160237BFCC5008D3605 /* Model */ = {
			isa = PBXGroup;
			children = (
				3B24D162237BFCED008D3605 /* AllFavoriteDoctor.swift */,
				3B24D161237BFCED008D3605 /* FavoriteDoctor.swift */,
			);
			path = Model;
			sourceTree = "<group>";
		};
		49FEF2450917DC8BB83473DC /* Frameworks */ = {
			isa = PBXGroup;
			children = (
				5E65729F7C7618EC01EBDF39 /* Pods_Dr_Booking.framework */,
			);
			name = Frameworks;
			sourceTree = "<group>";
		};
		813FFBDA23799F6E004897AE /* Senarios */ = {
			isa = PBXGroup;
			children = (
				81DEBC68237AC4AC0096CF47 /* Search */,
				81DEBC5B237AAAD90096CF47 /* Profile */,
				813FFBDF23799FC2004897AE /* Products */,
				813FFBDE23799FB6004897AE /* Regester */,
				813FFBDB23799F7E004897AE /* Log in */,
			);
			path = Senarios;
			sourceTree = "<group>";
		};
		813FFBDB23799F7E004897AE /* Log in */ = {
			isa = PBXGroup;
			children = (
				3B24D158237BFAD4008D3605 /* Model */,
				813FFBDD23799F9C004897AE /* Controller */,
			);
			path = "Log in";
			sourceTree = "<group>";
		};
		813FFBDD23799F9C004897AE /* Controller */ = {
			isa = PBXGroup;
			children = (
				3B119CDF23782DC700FC4FC2 /* LogInViewController.swift */,
				81DEBC61237AB9A70096CF47 /* ForgotPasswordVC.swift */,
			);
			path = Controller;
			sourceTree = "<group>";
		};
		813FFBDE23799FB6004897AE /* Regester */ = {
			isa = PBXGroup;
			children = (
				3B24D15B237BFC2C008D3605 /* Model */,
				813FFBE32379A026004897AE /* Controller */,
			);
			path = Regester;
			sourceTree = "<group>";
		};
		813FFBDF23799FC2004897AE /* Products */ = {
			isa = PBXGroup;
			children = (
				81DEBC63237ABA210096CF47 /* View */,
				813FFBE42379A126004897AE /* Contoller */,
			);
			path = Products;
			sourceTree = "<group>";
		};
		813FFBE32379A026004897AE /* Controller */ = {
			isa = PBXGroup;
			children = (
				813FFBE02379A019004897AE /* RegesterVC.swift */,
			);
			path = Controller;
			sourceTree = "<group>";
		};
		813FFBE42379A126004897AE /* Contoller */ = {
			isa = PBXGroup;
			children = (
				813FFBE52379A141004897AE /* ProductVC.swift */,
				81DEBC66237ABC0A0096CF47 /* ProductDetailsVC.swift */,
			);
			path = Contoller;
			sourceTree = "<group>";
		};
		81DEBC59237AAAB70096CF47 /* Contoller */ = {
			isa = PBXGroup;
			children = (
				81970DED23795AA5001CD992 /* ProfileVC.swift */,
				81DEBC5F237AABB20096CF47 /* EditProfileVC.swift */,
				81DEBC77237AEF8D0096CF47 /* ChangePasswordVC.swift */,
			);
			path = Contoller;
			sourceTree = "<group>";
		};
		81DEBC5B237AAAD90096CF47 /* Profile */ = {
			isa = PBXGroup;
			children = (
				81DEBC5C237AAAEB0096CF47 /* View */,
				81DEBC59237AAAB70096CF47 /* Contoller */,
			);
			path = Profile;
			sourceTree = "<group>";
		};
		81DEBC5C237AAAEB0096CF47 /* View */ = {
			isa = PBXGroup;
			children = (
				81DEBC5D237AAB1E0096CF47 /* ProfileTableViewCell.swift */,
			);
			path = View;
			sourceTree = "<group>";
		};
		81DEBC63237ABA210096CF47 /* View */ = {
			isa = PBXGroup;
			children = (
				81DEBC64237ABA4A0096CF47 /* ProductTableViewCell.swift */,
			);
			path = View;
			sourceTree = "<group>";
		};
		81DEBC68237AC4AC0096CF47 /* Search */ = {
			isa = PBXGroup;
			children = (
				3B24D160237BFCC5008D3605 /* Model */,
				81DEBC6E237AC5AD0096CF47 /* View */,
				81DEBC69237AC4C20096CF47 /* Controller */,
			);
			path = Search;
			sourceTree = "<group>";
		};
		81DEBC69237AC4C20096CF47 /* Controller */ = {
			isa = PBXGroup;
			children = (
				81DEBC6A237AC4D80096CF47 /* SearchVC.swift */,
				81DEBC6C237AC55A0096CF47 /* SearchResultVC.swift */,
				81DEBC71237ADC330096CF47 /* DoctorDetailsVC.swift */,
				81DEBC75237AEBCF0096CF47 /* Rate.swift */,
			);
			path = Controller;
			sourceTree = "<group>";
		};
		81DEBC6E237AC5AD0096CF47 /* View */ = {
			isa = PBXGroup;
			children = (
				81DEBC6F237AC5D50096CF47 /* SearchResultTableViewCell.swift */,
			);
			path = View;
			sourceTree = "<group>";
		};
		81F2A7F92378488C003DFCD1 /* Utitlites */ = {
			isa = PBXGroup;
			children = (
				81F2A7FA2378488C003DFCD1 /* Alert.swift */,
				81F2A7FB2378488C003DFCD1 /* CardView.swift */,
				81F2A7FC2378488C003DFCD1 /* DesignableUITextField.swift */,
			);
			path = Utitlites;
			sourceTree = "<group>";
		};
		EC32AE7F6828AAC5D8A47A22 /* Pods */ = {
			isa = PBXGroup;
			children = (
				63E33EA26FA4806F422DB503 /* Pods-Dr.Booking.debug.xcconfig */,
				EF43448627F8F638A85D27E8 /* Pods-Dr.Booking.release.xcconfig */,
			);
			path = Pods;
			sourceTree = "<group>";
		};
/* End PBXGroup section */

/* Begin PBXNativeTarget section */
		3B119CD723782DC700FC4FC2 /* Dr.Booking */ = {
			isa = PBXNativeTarget;
			buildConfigurationList = 3B119CEC23782DC800FC4FC2 /* Build configuration list for PBXNativeTarget "Dr.Booking" */;
			buildPhases = (
				92ED93779A2DCC795933EED7 /* [CP] Check Pods Manifest.lock */,
				3B119CD423782DC700FC4FC2 /* Sources */,
				3B119CD523782DC700FC4FC2 /* Frameworks */,
				3B119CD623782DC700FC4FC2 /* Resources */,
				09AA5266DD636EBA6ECF938D /* [CP] Embed Pods Frameworks */,
			);
			buildRules = (
			);
			dependencies = (
			);
			name = Dr.Booking;
			productName = Dr.Booking;
			productReference = 3B119CD823782DC700FC4FC2 /* Dr.Booking.app */;
			productType = "com.apple.product-type.application";
		};
/* End PBXNativeTarget section */

/* Begin PBXProject section */
		3B119CD023782DC700FC4FC2 /* Project object */ = {
			isa = PBXProject;
			attributes = {
				LastSwiftUpdateCheck = 1120;
				LastUpgradeCheck = 1120;
				ORGANIZATIONNAME = BeSolutions.Dr.BookingOriginal;
				TargetAttributes = {
					3B119CD723782DC700FC4FC2 = {
						CreatedOnToolsVersion = 11.2;
					};
				};
			};
			buildConfigurationList = 3B119CD323782DC700FC4FC2 /* Build configuration list for PBXProject "Dr.Booking" */;
			compatibilityVersion = "Xcode 9.3";
			developmentRegion = en;
			hasScannedForEncodings = 0;
			knownRegions = (
				en,
				Base,
			);
			mainGroup = 3B119CCF23782DC700FC4FC2;
			productRefGroup = 3B119CD923782DC700FC4FC2 /* Products */;
			projectDirPath = "";
			projectRoot = "";
			targets = (
				3B119CD723782DC700FC4FC2 /* Dr.Booking */,
			);
		};
/* End PBXProject section */

/* Begin PBXResourcesBuildPhase section */
		3B119CD623782DC700FC4FC2 /* Resources */ = {
			isa = PBXResourcesBuildPhase;
			buildActionMask = 2147483647;
			files = (
				3B119CE823782DC800FC4FC2 /* LaunchScreen.storyboard in Resources */,
				3B119CE523782DC800FC4FC2 /* Assets.xcassets in Resources */,
				3B119CE323782DC700FC4FC2 /* Main.storyboard in Resources */,
			);
			runOnlyForDeploymentPostprocessing = 0;
		};
/* End PBXResourcesBuildPhase section */

/* Begin PBXShellScriptBuildPhase section */
		09AA5266DD636EBA6ECF938D /* [CP] Embed Pods Frameworks */ = {
			isa = PBXShellScriptBuildPhase;
			buildActionMask = 2147483647;
			files = (
			);
			inputFileListPaths = (
				"${PODS_ROOT}/Target Support Files/Pods-Dr.Booking/Pods-Dr.Booking-frameworks-${CONFIGURATION}-input-files.xcfilelist",
			);
			name = "[CP] Embed Pods Frameworks";
			outputFileListPaths = (
				"${PODS_ROOT}/Target Support Files/Pods-Dr.Booking/Pods-Dr.Booking-frameworks-${CONFIGURATION}-output-files.xcfilelist",
			);
			runOnlyForDeploymentPostprocessing = 0;
			shellPath = /bin/sh;
			shellScript = "\"${PODS_ROOT}/Target Support Files/Pods-Dr.Booking/Pods-Dr.Booking-frameworks.sh\"\n";
			showEnvVarsInLog = 0;
		};
		92ED93779A2DCC795933EED7 /* [CP] Check Pods Manifest.lock */ = {
			isa = PBXShellScriptBuildPhase;
			buildActionMask = 2147483647;
			files = (
			);
			inputFileListPaths = (
			);
			inputPaths = (
				"${PODS_PODFILE_DIR_PATH}/Podfile.lock",
				"${PODS_ROOT}/Manifest.lock",
			);
			name = "[CP] Check Pods Manifest.lock";
			outputFileListPaths = (
			);
			outputPaths = (
				"$(DERIVED_FILE_DIR)/Pods-Dr.Booking-checkManifestLockResult.txt",
			);
			runOnlyForDeploymentPostprocessing = 0;
			shellPath = /bin/sh;
			shellScript = "diff \"${PODS_PODFILE_DIR_PATH}/Podfile.lock\" \"${PODS_ROOT}/Manifest.lock\" > /dev/null\nif [ $? != 0 ] ; then\n    # print error to STDERR\n    echo \"error: The sandbox is not in sync with the Podfile.lock. Run 'pod install' or update your CocoaPods installation.\" >&2\n    exit 1\nfi\n# This output is used by Xcode 'outputs' to avoid re-running this script phase.\necho \"SUCCESS\" > \"${SCRIPT_OUTPUT_FILE_0}\"\n";
			showEnvVarsInLog = 0;
		};
/* End PBXShellScriptBuildPhase section */

/* Begin PBXSourcesBuildPhase section */
		3B119CD423782DC700FC4FC2 /* Sources */ = {
			isa = PBXSourcesBuildPhase;
			buildActionMask = 2147483647;
			files = (
				81DEBC6D237AC55A0096CF47 /* SearchResultVC.swift in Sources */,
				3B119CE023782DC700FC4FC2 /* LogInViewController.swift in Sources */,
				3B119CDC23782DC700FC4FC2 /* AppDelegate.swift in Sources */,
				81DEBC76237AEBCF0096CF47 /* Rate.swift in Sources */,
				3B24D15E237BFC53008D3605 /* Register.swift in Sources */,
				81DEBC67237ABC0A0096CF47 /* ProductDetailsVC.swift in Sources */,
				3B24D155237BFAAA008D3605 /* APIClient.swift in Sources */,
				81DEBC72237ADC330096CF47 /* DoctorDetailsVC.swift in Sources */,
				813FFBE12379A019004897AE /* RegesterVC.swift in Sources */,
				81DEBC5E237AAB1E0096CF47 /* ProfileTableViewCell.swift in Sources */,
				3B24D168237C0119008D3605 /* Failure.swift in Sources */,
				81F2A7FE2378488C003DFCD1 /* Alert.swift in Sources */,
				81F2A8002378488C003DFCD1 /* DesignableUITextField.swift in Sources */,
				81DEBC70237AC5D50096CF47 /* SearchResultTableViewCell.swift in Sources */,
				81970DEE23795AA5001CD992 /* ProfileVC.swift in Sources */,
				81DEBC6B237AC4D80096CF47 /* SearchVC.swift in Sources */,
				3B119CDE23782DC700FC4FC2 /* SceneDelegate.swift in Sources */,
				81DEBC78237AEF8D0096CF47 /* ChangePasswordVC.swift in Sources */,
				81DEBC62237AB9A70096CF47 /* ForgotPasswordVC.swift in Sources */,
				3B24D163237BFCEE008D3605 /* FavoriteDoctor.swift in Sources */,
				81DEBC65237ABA4A0096CF47 /* ProductTableViewCell.swift in Sources */,
				81F2A7FF2378488C003DFCD1 /* CardView.swift in Sources */,
				813FFBE62379A141004897AE /* ProductVC.swift in Sources */,
				3B24D164237BFCEE008D3605 /* AllFavoriteDoctor.swift in Sources */,
				81DEBC60237AABB20096CF47 /* EditProfileVC.swift in Sources */,
				3B24D15F237BFC53008D3605 /* RegisterFailure.swift in Sources */,
				3B24D15A237BFC0F008D3605 /* Login.swift in Sources */,
				3B24D156237BFAAA008D3605 /* APIRouter.swift in Sources */,
				81F2A803237853EA003DFCD1 /* TabBar.swift in Sources */,
				3B24D157237BFAAA008D3605 /* Constants.swift in Sources */,
			);
			runOnlyForDeploymentPostprocessing = 0;
		};
/* End PBXSourcesBuildPhase section */

/* Begin PBXVariantGroup section */
		3B119CE123782DC700FC4FC2 /* Main.storyboard */ = {
			isa = PBXVariantGroup;
			children = (
				3B119CE223782DC700FC4FC2 /* Base */,
			);
			name = Main.storyboard;
			sourceTree = "<group>";
		};
		3B119CE623782DC800FC4FC2 /* LaunchScreen.storyboard */ = {
			isa = PBXVariantGroup;
			children = (
				3B119CE723782DC800FC4FC2 /* Base */,
			);
			name = LaunchScreen.storyboard;
			sourceTree = "<group>";
		};
/* End PBXVariantGroup section */

/* Begin XCBuildConfiguration section */
		3B119CEA23782DC800FC4FC2 /* Debug */ = {
			isa = XCBuildConfiguration;
			buildSettings = {
				ALWAYS_SEARCH_USER_PATHS = NO;
				CLANG_ANALYZER_NONNULL = YES;
				CLANG_ANALYZER_NUMBER_OBJECT_CONVERSION = YES_AGGRESSIVE;
				CLANG_CXX_LANGUAGE_STANDARD = "gnu++14";
				CLANG_CXX_LIBRARY = "libc++";
				CLANG_ENABLE_MODULES = YES;
				CLANG_ENABLE_OBJC_ARC = YES;
				CLANG_ENABLE_OBJC_WEAK = YES;
				CLANG_WARN_BLOCK_CAPTURE_AUTORELEASING = YES;
				CLANG_WARN_BOOL_CONVERSION = YES;
				CLANG_WARN_COMMA = YES;
				CLANG_WARN_CONSTANT_CONVERSION = YES;
				CLANG_WARN_DEPRECATED_OBJC_IMPLEMENTATIONS = YES;
				CLANG_WARN_DIRECT_OBJC_ISA_USAGE = YES_ERROR;
				CLANG_WARN_DOCUMENTATION_COMMENTS = YES;
				CLANG_WARN_EMPTY_BODY = YES;
				CLANG_WARN_ENUM_CONVERSION = YES;
				CLANG_WARN_INFINITE_RECURSION = YES;
				CLANG_WARN_INT_CONVERSION = YES;
				CLANG_WARN_NON_LITERAL_NULL_CONVERSION = YES;
				CLANG_WARN_OBJC_IMPLICIT_RETAIN_SELF = YES;
				CLANG_WARN_OBJC_LITERAL_CONVERSION = YES;
				CLANG_WARN_OBJC_ROOT_CLASS = YES_ERROR;
				CLANG_WARN_RANGE_LOOP_ANALYSIS = YES;
				CLANG_WARN_STRICT_PROTOTYPES = YES;
				CLANG_WARN_SUSPICIOUS_MOVE = YES;
				CLANG_WARN_UNGUARDED_AVAILABILITY = YES_AGGRESSIVE;
				CLANG_WARN_UNREACHABLE_CODE = YES;
				CLANG_WARN__DUPLICATE_METHOD_MATCH = YES;
				COPY_PHASE_STRIP = NO;
				DEBUG_INFORMATION_FORMAT = dwarf;
				ENABLE_STRICT_OBJC_MSGSEND = YES;
				ENABLE_TESTABILITY = YES;
				GCC_C_LANGUAGE_STANDARD = gnu11;
				GCC_DYNAMIC_NO_PIC = NO;
				GCC_NO_COMMON_BLOCKS = YES;
				GCC_OPTIMIZATION_LEVEL = 0;
				GCC_PREPROCESSOR_DEFINITIONS = (
					"DEBUG=1",
					"$(inherited)",
				);
				GCC_WARN_64_TO_32_BIT_CONVERSION = YES;
				GCC_WARN_ABOUT_RETURN_TYPE = YES_ERROR;
				GCC_WARN_UNDECLARED_SELECTOR = YES;
				GCC_WARN_UNINITIALIZED_AUTOS = YES_AGGRESSIVE;
				GCC_WARN_UNUSED_FUNCTION = YES;
				GCC_WARN_UNUSED_VARIABLE = YES;
				IPHONEOS_DEPLOYMENT_TARGET = 13.2;
				MTL_ENABLE_DEBUG_INFO = INCLUDE_SOURCE;
				MTL_FAST_MATH = YES;
				ONLY_ACTIVE_ARCH = YES;
				SDKROOT = iphoneos;
				SWIFT_ACTIVE_COMPILATION_CONDITIONS = DEBUG;
				SWIFT_OPTIMIZATION_LEVEL = "-Onone";
			};
			name = Debug;
		};
		3B119CEB23782DC800FC4FC2 /* Release */ = {
			isa = XCBuildConfiguration;
			buildSettings = {
				ALWAYS_SEARCH_USER_PATHS = NO;
				CLANG_ANALYZER_NONNULL = YES;
				CLANG_ANALYZER_NUMBER_OBJECT_CONVERSION = YES_AGGRESSIVE;
				CLANG_CXX_LANGUAGE_STANDARD = "gnu++14";
				CLANG_CXX_LIBRARY = "libc++";
				CLANG_ENABLE_MODULES = YES;
				CLANG_ENABLE_OBJC_ARC = YES;
				CLANG_ENABLE_OBJC_WEAK = YES;
				CLANG_WARN_BLOCK_CAPTURE_AUTORELEASING = YES;
				CLANG_WARN_BOOL_CONVERSION = YES;
				CLANG_WARN_COMMA = YES;
				CLANG_WARN_CONSTANT_CONVERSION = YES;
				CLANG_WARN_DEPRECATED_OBJC_IMPLEMENTATIONS = YES;
				CLANG_WARN_DIRECT_OBJC_ISA_USAGE = YES_ERROR;
				CLANG_WARN_DOCUMENTATION_COMMENTS = YES;
				CLANG_WARN_EMPTY_BODY = YES;
				CLANG_WARN_ENUM_CONVERSION = YES;
				CLANG_WARN_INFINITE_RECURSION = YES;
				CLANG_WARN_INT_CONVERSION = YES;
				CLANG_WARN_NON_LITERAL_NULL_CONVERSION = YES;
				CLANG_WARN_OBJC_IMPLICIT_RETAIN_SELF = YES;
				CLANG_WARN_OBJC_LITERAL_CONVERSION = YES;
				CLANG_WARN_OBJC_ROOT_CLASS = YES_ERROR;
				CLANG_WARN_RANGE_LOOP_ANALYSIS = YES;
				CLANG_WARN_STRICT_PROTOTYPES = YES;
				CLANG_WARN_SUSPICIOUS_MOVE = YES;
				CLANG_WARN_UNGUARDED_AVAILABILITY = YES_AGGRESSIVE;
				CLANG_WARN_UNREACHABLE_CODE = YES;
				CLANG_WARN__DUPLICATE_METHOD_MATCH = YES;
				COPY_PHASE_STRIP = NO;
				DEBUG_INFORMATION_FORMAT = "dwarf-with-dsym";
				ENABLE_NS_ASSERTIONS = NO;
				ENABLE_STRICT_OBJC_MSGSEND = YES;
				GCC_C_LANGUAGE_STANDARD = gnu11;
				GCC_NO_COMMON_BLOCKS = YES;
				GCC_WARN_64_TO_32_BIT_CONVERSION = YES;
				GCC_WARN_ABOUT_RETURN_TYPE = YES_ERROR;
				GCC_WARN_UNDECLARED_SELECTOR = YES;
				GCC_WARN_UNINITIALIZED_AUTOS = YES_AGGRESSIVE;
				GCC_WARN_UNUSED_FUNCTION = YES;
				GCC_WARN_UNUSED_VARIABLE = YES;
				IPHONEOS_DEPLOYMENT_TARGET = 13.2;
				MTL_ENABLE_DEBUG_INFO = NO;
				MTL_FAST_MATH = YES;
				SDKROOT = iphoneos;
				SWIFT_COMPILATION_MODE = wholemodule;
				SWIFT_OPTIMIZATION_LEVEL = "-O";
				VALIDATE_PRODUCT = YES;
			};
			name = Release;
		};
		3B119CED23782DC800FC4FC2 /* Debug */ = {
			isa = XCBuildConfiguration;
			baseConfigurationReference = 63E33EA26FA4806F422DB503 /* Pods-Dr.Booking.debug.xcconfig */;
			buildSettings = {
				ASSETCATALOG_COMPILER_APPICON_NAME = AppIcon;
				CODE_SIGN_STYLE = Automatic;
				INFOPLIST_FILE = Dr.Booking/Info.plist;
				LD_RUNPATH_SEARCH_PATHS = (
					"$(inherited)",
					"@executable_path/Frameworks",
				);
				PRODUCT_BUNDLE_IDENTIFIER = "com.BeSolutions.Dr-Booking";
				PRODUCT_NAME = "$(TARGET_NAME)";
				SWIFT_VERSION = 5.0;
				TARGETED_DEVICE_FAMILY = "1,2";
			};
			name = Debug;
		};
		3B119CEE23782DC800FC4FC2 /* Release */ = {
			isa = XCBuildConfiguration;
			baseConfigurationReference = EF43448627F8F638A85D27E8 /* Pods-Dr.Booking.release.xcconfig */;
			buildSettings = {
				ASSETCATALOG_COMPILER_APPICON_NAME = AppIcon;
				CODE_SIGN_STYLE = Automatic;
				INFOPLIST_FILE = Dr.Booking/Info.plist;
				LD_RUNPATH_SEARCH_PATHS = (
					"$(inherited)",
					"@executable_path/Frameworks",
				);
				PRODUCT_BUNDLE_IDENTIFIER = "com.BeSolutions.Dr-Booking";
				PRODUCT_NAME = "$(TARGET_NAME)";
				SWIFT_VERSION = 5.0;
				TARGETED_DEVICE_FAMILY = "1,2";
			};
			name = Release;
		};
/* End XCBuildConfiguration section */

/* Begin XCConfigurationList section */
		3B119CD323782DC700FC4FC2 /* Build configuration list for PBXProject "Dr.Booking" */ = {
			isa = XCConfigurationList;
			buildConfigurations = (
				3B119CEA23782DC800FC4FC2 /* Debug */,
				3B119CEB23782DC800FC4FC2 /* Release */,
			);
			defaultConfigurationIsVisible = 0;
			defaultConfigurationName = Release;
		};
		3B119CEC23782DC800FC4FC2 /* Build configuration list for PBXNativeTarget "Dr.Booking" */ = {
			isa = XCConfigurationList;
			buildConfigurations = (
				3B119CED23782DC800FC4FC2 /* Debug */,
				3B119CEE23782DC800FC4FC2 /* Release */,
			);
			defaultConfigurationIsVisible = 0;
			defaultConfigurationName = Release;
		};
/* End XCConfigurationList section */
	};
	rootObject = 3B119CD023782DC700FC4FC2 /* Project object */;
}
